
Microsoft Visual Studio Solution File, Format Version 12.00
# Visual Studio Version 17
VisualStudioVersion = 17.7.34202.233
MinimumVisualStudioVersion = 10.0.40219.1
Project("{FAE04EC0-301F-11D3-BF4B-00C04F79EFBC}") = "Examen", "Examen\Examen.csproj", "{5711C60C-FDFE-4EB6-AD8D-C598F50AF01C}"
EndProject
Global
	GlobalSection(SolutionConfigurationPlatforms) = preSolution
		Debug|Any CPU = Debug|Any CPU
		Release|Any CPU = Release|Any CPU
	EndGlobalSection
	GlobalSection(ProjectConfigurationPlatforms) = postSolution
		{5711C60C-FDFE-4EB6-AD8D-C598F50AF01C}.Debug|Any CPU.ActiveCfg = Debug|Any CPU
		{5711C60C-FDFE-4EB6-AD8D-C598F50AF01C}.Debug|Any CPU.Build.0 = Debug|Any CPU
		{5711C60C-FDFE-4EB6-AD8D-C598F50AF01C}.Release|Any CPU.ActiveCfg = Release|Any CPU
		{5711C60C-FDFE-4EB6-AD8D-C598F50AF01C}.Release|Any CPU.Build.0 = Release|Any CPU
	EndGlobalSection
	GlobalSection(SolutionProperties) = preSolution
		HideSolutionNode = FALSE
	EndGlobalSection
	GlobalSection(ExtensibilityGlobals) = postSolution
		SolutionGuid = {1A536565-591C-4309-B140-C4DE5E4A3708}
	EndGlobalSection
EndGlobal
