
Microsoft Visual Studio Solution File, Format Version 12.00
# Visual Studio Version 17
VisualStudioVersion = 17.7.34031.279
MinimumVisualStudioVersion = 10.0.40219.1
Project("{FAE04EC0-301F-11D3-BF4B-00C04F79EFBC}") = "Elecciones2", "Elecciones2\Elecciones2.csproj", "{D97064E2-DFFE-4B7B-803C-64F6C8598FC4}"
EndProject
Global
	GlobalSection(SolutionConfigurationPlatforms) = preSolution
		Debug|Any CPU = Debug|Any CPU
		Release|Any CPU = Release|Any CPU
	EndGlobalSection
	GlobalSection(ProjectConfigurationPlatforms) = postSolution
		{D97064E2-DFFE-4B7B-803C-64F6C8598FC4}.Debug|Any CPU.ActiveCfg = Debug|Any CPU
		{D97064E2-DFFE-4B7B-803C-64F6C8598FC4}.Debug|Any CPU.Build.0 = Debug|Any CPU
		{D97064E2-DFFE-4B7B-803C-64F6C8598FC4}.Release|Any CPU.ActiveCfg = Release|Any CPU
		{D97064E2-DFFE-4B7B-803C-64F6C8598FC4}.Release|Any CPU.Build.0 = Release|Any CPU
	EndGlobalSection
	GlobalSection(SolutionProperties) = preSolution
		HideSolutionNode = FALSE
	EndGlobalSection
	GlobalSection(ExtensibilityGlobals) = postSolution
		SolutionGuid = {941814EA-968A-4727-A6FD-A54FCE9E2604}
	EndGlobalSection
EndGlobal
